
Microsoft Visual Studio Solution File, Format Version 12.00
# Visual Studio 2015
Project("{FAE04EC0-301F-11D3-BF4B-00C04F79EFBC}") = "OradiaPlatform.CSharp", "OradiaPlatform.CSharp.csproj", "{0FCEFAA4-FF79-8F78-FCF5-3CE1890334CF}"
EndProject
Project("{FAE04EC0-301F-11D3-BF4B-00C04F79EFBC}") = "OradiaPlatform.CSharp.Editor", "OradiaPlatform.CSharp.Editor.csproj", "{1D8622D0-E967-2579-C7F0-F655419C3157}"
EndProject
Global
	GlobalSection(SolutionConfigurationPlatforms) = preSolution
		Debug|Any CPU = Debug|Any CPU
		Release|Any CPU = Release|Any CPU
	EndGlobalSection
	GlobalSection(ProjectConfigurationPlatforms) = postSolution
		{0FCEFAA4-FF79-8F78-FCF5-3CE1890334CF}.Debug|Any CPU.ActiveCfg = Debug|Any CPU
		{0FCEFAA4-FF79-8F78-FCF5-3CE1890334CF}.Debug|Any CPU.Build.0 = Debug|Any CPU
		{0FCEFAA4-FF79-8F78-FCF5-3CE1890334CF}.Release|Any CPU.ActiveCfg = Release|Any CPU
		{0FCEFAA4-FF79-8F78-FCF5-3CE1890334CF}.Release|Any CPU.Build.0 = Release|Any CPU
		{1D8622D0-E967-2579-C7F0-F655419C3157}.Debug|Any CPU.ActiveCfg = Debug|Any CPU
		{1D8622D0-E967-2579-C7F0-F655419C3157}.Debug|Any CPU.Build.0 = Debug|Any CPU
		{1D8622D0-E967-2579-C7F0-F655419C3157}.Release|Any CPU.ActiveCfg = Release|Any CPU
		{1D8622D0-E967-2579-C7F0-F655419C3157}.Release|Any CPU.Build.0 = Release|Any CPU
	EndGlobalSection
	GlobalSection(SolutionProperties) = preSolution
		HideSolutionNode = FALSE
	EndGlobalSection
EndGlobal
